
Microsoft Visual Studio Solution File, Format Version 12.00
# Visual Studio Version 16
VisualStudioVersion = 16.0.31424.327
MinimumVisualStudioVersion = 10.0.40219.1
Project("{FAE04EC0-301F-11D3-BF4B-00C04F79EFBC}") = "ExercicioConversao", "ExercicioConversao\ExercicioConversao.csproj", "{AF1164A5-D04A-4476-A612-F4DC1903ADEA}"
EndProject
Global
	GlobalSection(SolutionConfigurationPlatforms) = preSolution
		Debug|Any CPU = Debug|Any CPU
		Release|Any CPU = Release|Any CPU
	EndGlobalSection
	GlobalSection(ProjectConfigurationPlatforms) = postSolution
		{AF1164A5-D04A-4476-A612-F4DC1903ADEA}.Debug|Any CPU.ActiveCfg = Debug|Any CPU
		{AF1164A5-D04A-4476-A612-F4DC1903ADEA}.Debug|Any CPU.Build.0 = Debug|Any CPU
		{AF1164A5-D04A-4476-A612-F4DC1903ADEA}.Release|Any CPU.ActiveCfg = Release|Any CPU
		{AF1164A5-D04A-4476-A612-F4DC1903ADEA}.Release|Any CPU.Build.0 = Release|Any CPU
	EndGlobalSection
	GlobalSection(SolutionProperties) = preSolution
		HideSolutionNode = FALSE
	EndGlobalSection
	GlobalSection(ExtensibilityGlobals) = postSolution
		SolutionGuid = {E75E5D87-AF72-4AA7-B923-6E10E0135680}
	EndGlobalSection
EndGlobal
